
Microsoft Visual Studio Solution File, Format Version 12.00
# Visual Studio 2013
VisualStudioVersion = 12.0.21005.1
MinimumVisualStudioVersion = 10.0.40219.1
Project("{FAE04EC0-301F-11D3-BF4B-00C04F79EFBC}") = "DAL", "DAL\DAL.csproj", "{32A21F02-7F4B-499E-BAE7-570E8409089C}"
EndProject
Project("{FAE04EC0-301F-11D3-BF4B-00C04F79EFBC}") = "BLL", "BLL\BLL.csproj", "{8C943364-7EC1-4C65-AC8F-A55EACEA1AA4}"
EndProject
Project("{FAE04EC0-301F-11D3-BF4B-00C04F79EFBC}") = "IDAL", "IDAL\IDAL.csproj", "{B9AFAEE9-4AB5-4049-8734-236846040579}"
EndProject
Project("{FAE04EC0-301F-11D3-BF4B-00C04F79EFBC}") = "Model", "Model\Model.csproj", "{617B9759-637B-40FD-AFC2-1598D5FB24BE}"
EndProject
Project("{FAE04EC0-301F-11D3-BF4B-00C04F79EFBC}") = "Web", "Web\Web.csproj", "{5E197A35-E2D2-416C-BDA0-A125276CEDE9}"
EndProject
Global
	GlobalSection(SolutionConfigurationPlatforms) = preSolution
		Debug|Any CPU = Debug|Any CPU
		Release|Any CPU = Release|Any CPU
	EndGlobalSection
	GlobalSection(ProjectConfigurationPlatforms) = postSolution
		{32A21F02-7F4B-499E-BAE7-570E8409089C}.Debug|Any CPU.ActiveCfg = Debug|Any CPU
		{32A21F02-7F4B-499E-BAE7-570E8409089C}.Debug|Any CPU.Build.0 = Debug|Any CPU
		{32A21F02-7F4B-499E-BAE7-570E8409089C}.Release|Any CPU.ActiveCfg = Release|Any CPU
		{32A21F02-7F4B-499E-BAE7-570E8409089C}.Release|Any CPU.Build.0 = Release|Any CPU
		{8C943364-7EC1-4C65-AC8F-A55EACEA1AA4}.Debug|Any CPU.ActiveCfg = Debug|Any CPU
		{8C943364-7EC1-4C65-AC8F-A55EACEA1AA4}.Debug|Any CPU.Build.0 = Debug|Any CPU
		{8C943364-7EC1-4C65-AC8F-A55EACEA1AA4}.Release|Any CPU.ActiveCfg = Release|Any CPU
		{8C943364-7EC1-4C65-AC8F-A55EACEA1AA4}.Release|Any CPU.Build.0 = Release|Any CPU
		{B9AFAEE9-4AB5-4049-8734-236846040579}.Debug|Any CPU.ActiveCfg = Debug|Any CPU
		{B9AFAEE9-4AB5-4049-8734-236846040579}.Debug|Any CPU.Build.0 = Debug|Any CPU
		{B9AFAEE9-4AB5-4049-8734-236846040579}.Release|Any CPU.ActiveCfg = Release|Any CPU
		{B9AFAEE9-4AB5-4049-8734-236846040579}.Release|Any CPU.Build.0 = Release|Any CPU
		{617B9759-637B-40FD-AFC2-1598D5FB24BE}.Debug|Any CPU.ActiveCfg = Debug|Any CPU
		{617B9759-637B-40FD-AFC2-1598D5FB24BE}.Debug|Any CPU.Build.0 = Debug|Any CPU
		{617B9759-637B-40FD-AFC2-1598D5FB24BE}.Release|Any CPU.ActiveCfg = Release|Any CPU
		{617B9759-637B-40FD-AFC2-1598D5FB24BE}.Release|Any CPU.Build.0 = Release|Any CPU
		{5E197A35-E2D2-416C-BDA0-A125276CEDE9}.Debug|Any CPU.ActiveCfg = Debug|Any CPU
		{5E197A35-E2D2-416C-BDA0-A125276CEDE9}.Debug|Any CPU.Build.0 = Debug|Any CPU
		{5E197A35-E2D2-416C-BDA0-A125276CEDE9}.Release|Any CPU.ActiveCfg = Release|Any CPU
		{5E197A35-E2D2-416C-BDA0-A125276CEDE9}.Release|Any CPU.Build.0 = Release|Any CPU
	EndGlobalSection
	GlobalSection(SolutionProperties) = preSolution
		HideSolutionNode = FALSE
	EndGlobalSection
EndGlobal
